// !$*UTF8*$!
{
	archiveVersion = 1;
	classes = {
	};
	objectVersion = 46;
	objects = {

/* Begin PBXBuildFile section */
		8C55E9E81A0F7CD50050936D /* main.m in Sources */ = {isa = PBXBuildFile; fileRef = 8C55E9E71A0F7CD50050936D /* main.m */; };
		8C55E9EB1A0F7CD50050936D /* AppDelegate.m in Sources */ = {isa = PBXBuildFile; fileRef = 8C55E9EA1A0F7CD50050936D /* AppDelegate.m */; };
		8C55E9EE1A0F7CD50050936D /* ViewController.m in Sources */ = {isa = PBXBuildFile; fileRef = 8C55E9ED1A0F7CD50050936D /* ViewController.m */; };
		8C55E9F11A0F7CD50050936D /* Main.storyboard in Resources */ = {isa = PBXBuildFile; fileRef = 8C55E9EF1A0F7CD50050936D /* Main.storyboard */; };
		8C55E9F31A0F7CD50050936D /* Images.xcassets in Resources */ = {isa = PBXBuildFile; fileRef = 8C55E9F21A0F7CD50050936D /* Images.xcassets */; };
		8C55E9F61A0F7CD50050936D /* LaunchScreen.xib in Resources */ = {isa = PBXBuildFile; fileRef = 8C55E9F41A0F7CD50050936D /* LaunchScreen.xib */; };
		8C55EA021A0F7CD60050936D /* testJsonTests.m in Sources */ = {isa = PBXBuildFile; fileRef = 8C55EA011A0F7CD60050936D /* testJsonTests.m */; };
		8C55EA241A0F7FEF0050936D /* libiconv.dylib in Frameworks */ = {isa = PBXBuildFile; fileRef = 8C55EA231A0F7FEF0050936D /* libiconv.dylib */; };
		8C55EA3F1A0F81FC0050936D /* NSObject+SBJson.m in Sources */ = {isa = PBXBuildFile; fileRef = 8C55EA271A0F81FC0050936D /* NSObject+SBJson.m */; };
		8C55EA401A0F81FC0050936D /* SBJsonParser.m in Sources */ = {isa = PBXBuildFile; fileRef = 8C55EA2A1A0F81FC0050936D /* SBJsonParser.m */; };
		8C55EA411A0F81FC0050936D /* SBJsonStreamParser.m in Sources */ = {isa = PBXBuildFile; fileRef = 8C55EA2C1A0F81FC0050936D /* SBJsonStreamParser.m */; };
		8C55EA421A0F81FC0050936D /* SBJsonStreamParserAccumulator.m in Sources */ = {isa = PBXBuildFile; fileRef = 8C55EA2E1A0F81FC0050936D /* SBJsonStreamParserAccumulator.m */; };
		8C55EA431A0F81FC0050936D /* SBJsonStreamParserAdapter.m in Sources */ = {isa = PBXBuildFile; fileRef = 8C55EA301A0F81FC0050936D /* SBJsonStreamParserAdapter.m */; };
		8C55EA441A0F81FC0050936D /* SBJsonStreamParserState.m in Sources */ = {isa = PBXBuildFile; fileRef = 8C55EA321A0F81FC0050936D /* SBJsonStreamParserState.m */; };
		8C55EA451A0F81FC0050936D /* SBJsonStreamWriter.m in Sources */ = {isa = PBXBuildFile; fileRef = 8C55EA341A0F81FC0050936D /* SBJsonStreamWriter.m */; };
		8C55EA461A0F81FC0050936D /* SBJsonStreamWriterAccumulator.m in Sources */ = {isa = PBXBuildFile; fileRef = 8C55EA361A0F81FC0050936D /* SBJsonStreamWriterAccumulator.m */; };
		8C55EA471A0F81FC0050936D /* SBJsonStreamWriterState.m in Sources */ = {isa = PBXBuildFile; fileRef = 8C55EA381A0F81FC0050936D /* SBJsonStreamWriterState.m */; };
		8C55EA481A0F81FC0050936D /* SBJsonTokeniser.m in Sources */ = {isa = PBXBuildFile; fileRef = 8C55EA3A1A0F81FC0050936D /* SBJsonTokeniser.m */; };
		8C55EA491A0F81FC0050936D /* SBJsonUTF8Stream.m in Sources */ = {isa = PBXBuildFile; fileRef = 8C55EA3C1A0F81FC0050936D /* SBJsonUTF8Stream.m */; };
		8C55EA4A1A0F81FC0050936D /* SBJsonWriter.m in Sources */ = {isa = PBXBuildFile; fileRef = 8C55EA3E1A0F81FC0050936D /* SBJsonWriter.m */; };
/* End PBXBuildFile section */

/* Begin PBXContainerItemProxy section */
		8C55E9FC1A0F7CD60050936D /* PBXContainerItemProxy */ = {
			isa = PBXContainerItemProxy;
			containerPortal = 8C55E9DA1A0F7CD50050936D /* Project object */;
			proxyType = 1;
			remoteGlobalIDString = 8C55E9E11A0F7CD50050936D;
			remoteInfo = testJson;
		};
/* End PBXContainerItemProxy section */

/* Begin PBXFileReference section */
		8C55E9E21A0F7CD50050936D /* testJson.app */ = {isa = PBXFileReference; explicitFileType = wrapper.application; includeInIndex = 0; path = testJson.app; sourceTree = BUILT_PRODUCTS_DIR; };
		8C55E9E61A0F7CD50050936D /* Info.plist */ = {isa = PBXFileReference; lastKnownFileType = text.plist.xml; path = Info.plist; sourceTree = "<group>"; };
		8C55E9E71A0F7CD50050936D /* main.m */ = {isa = PBXFileReference; lastKnownFileType = sourcecode.c.objc; path = main.m; sourceTree = "<group>"; };
		8C55E9E91A0F7CD50050936D /* AppDelegate.h */ = {isa = PBXFileReference; lastKnownFileType = sourcecode.c.h; path = AppDelegate.h; sourceTree = "<group>"; };
		8C55E9EA1A0F7CD50050936D /* AppDelegate.m */ = {isa = PBXFileReference; lastKnownFileType = sourcecode.c.objc; path = AppDelegate.m; sourceTree = "<group>"; };
		8C55E9EC1A0F7CD50050936D /* ViewController.h */ = {isa = PBXFileReference; lastKnownFileType = sourcecode.c.h; path = ViewController.h; sourceTree = "<group>"; };
		8C55E9ED1A0F7CD50050936D /* ViewController.m */ = {isa = PBXFileReference; lastKnownFileType = sourcecode.c.objc; path = ViewController.m; sourceTree = "<group>"; };
		8C55E9F01A0F7CD50050936D /* Base */ = {isa = PBXFileReference; lastKnownFileType = file.storyboard; name = Base; path = Base.lproj/Main.storyboard; sourceTree = "<group>"; };
		8C55E9F21A0F7CD50050936D /* Images.xcassets */ = {isa = PBXFileReference; lastKnownFileType = folder.assetcatalog; path = Images.xcassets; sourceTree = "<group>"; };
		8C55E9F51A0F7CD50050936D /* Base */ = {isa = PBXFileReference; lastKnownFileType = file.xib; name = Base; path = Base.lproj/LaunchScreen.xib; sourceTree = "<group>"; };
		8C55E9FB1A0F7CD60050936D /* testJsonTests.xctest */ = {isa = PBXFileReference; explicitFileType = wrapper.cfbundle; includeInIndex = 0; path = testJsonTests.xctest; sourceTree = BUILT_PRODUCTS_DIR; };
		8C55EA001A0F7CD60050936D /* Info.plist */ = {isa = PBXFileReference; lastKnownFileType = text.plist.xml; path = Info.plist; sourceTree = "<group>"; };
		8C55EA011A0F7CD60050936D /* testJsonTests.m */ = {isa = PBXFileReference; lastKnownFileType = sourcecode.c.objc; path = testJsonTests.m; sourceTree = "<group>"; };
		8C55EA231A0F7FEF0050936D /* libiconv.dylib */ = {isa = PBXFileReference; lastKnownFileType = "compiled.mach-o.dylib"; name = libiconv.dylib; path = usr/lib/libiconv.dylib; sourceTree = SDKROOT; };
		8C55EA261A0F81FC0050936D /* NSObject+SBJson.h */ = {isa = PBXFileReference; fileEncoding = 4; lastKnownFileType = sourcecode.c.h; path = "NSObject+SBJson.h"; sourceTree = "<group>"; };
		8C55EA271A0F81FC0050936D /* NSObject+SBJson.m */ = {isa = PBXFileReference; fileEncoding = 4; lastKnownFileType = sourcecode.c.objc; path = "NSObject+SBJson.m"; sourceTree = "<group>"; };
		8C55EA281A0F81FC0050936D /* SBJson.h */ = {isa = PBXFileReference; fileEncoding = 4; lastKnownFileType = sourcecode.c.h; path = SBJson.h; sourceTree = "<group>"; };
		8C55EA291A0F81FC0050936D /* SBJsonParser.h */ = {isa = PBXFileReference; fileEncoding = 4; lastKnownFileType = sourcecode.c.h; path = SBJsonParser.h; sourceTree = "<group>"; };
		8C55EA2A1A0F81FC0050936D /* SBJsonParser.m */ = {isa = PBXFileReference; fileEncoding = 4; lastKnownFileType = sourcecode.c.objc; path = SBJsonParser.m; sourceTree = "<group>"; };
		8C55EA2B1A0F81FC0050936D /* SBJsonStreamParser.h */ = {isa = PBXFileReference; fileEncoding = 4; lastKnownFileType = sourcecode.c.h; path = SBJsonStreamParser.h; sourceTree = "<group>"; };
		8C55EA2C1A0F81FC0050936D /* SBJsonStreamParser.m */ = {isa = PBXFileReference; fileEncoding = 4; lastKnownFileType = sourcecode.c.objc; path = SBJsonStreamParser.m; sourceTree = "<group>"; };
		8C55EA2D1A0F81FC0050936D /* SBJsonStreamParserAccumulator.h */ = {isa = PBXFileReference; fileEncoding = 4; lastKnownFileType = sourcecode.c.h; path = SBJsonStreamParserAccumulator.h; sourceTree = "<group>"; };
		8C55EA2E1A0F81FC0050936D /* SBJsonStreamParserAccumulator.m */ = {isa = PBXFileReference; fileEncoding = 4; lastKnownFileType = sourcecode.c.objc; path = SBJsonStreamParserAccumulator.m; sourceTree = "<group>"; };
		8C55EA2F1A0F81FC0050936D /* SBJsonStreamParserAdapter.h */ = {isa = PBXFileReference; fileEncoding = 4; lastKnownFileType = sourcecode.c.h; path = SBJsonStreamParserAdapter.h; sourceTree = "<group>"; };
		8C55EA301A0F81FC0050936D /* SBJsonStreamParserAdapter.m */ = {isa = PBXFileReference; fileEncoding = 4; lastKnownFileType = sourcecode.c.objc; path = SBJsonStreamParserAdapter.m; sourceTree = "<group>"; };
		8C55EA311A0F81FC0050936D /* SBJsonStreamParserState.h */ = {isa = PBXFileReference; fileEncoding = 4; lastKnownFileType = sourcecode.c.h; path = SBJsonStreamParserState.h; sourceTree = "<group>"; };
		8C55EA321A0F81FC0050936D /* SBJsonStreamParserState.m */ = {isa = PBXFileReference; fileEncoding = 4; lastKnownFileType = sourcecode.c.objc; path = SBJsonStreamParserState.m; sourceTree = "<group>"; };
		8C55EA331A0F81FC0050936D /* SBJsonStreamWriter.h */ = {isa = PBXFileReference; fileEncoding = 4; lastKnownFileType = sourcecode.c.h; path = SBJsonStreamWriter.h; sourceTree = "<group>"; };
		8C55EA341A0F81FC0050936D /* SBJsonStreamWriter.m */ = {isa = PBXFileReference; fileEncoding = 4; lastKnownFileType = sourcecode.c.objc; path = SBJsonStreamWriter.m; sourceTree = "<group>"; };
		8C55EA351A0F81FC0050936D /* SBJsonStreamWriterAccumulator.h */ = {isa = PBXFileReference; fileEncoding = 4; lastKnownFileType = sourcecode.c.h; path = SBJsonStreamWriterAccumulator.h; sourceTree = "<group>"; };
		8C55EA361A0F81FC0050936D /* SBJsonStreamWriterAccumulator.m */ = {isa = PBXFileReference; fileEncoding = 4; lastKnownFileType = sourcecode.c.objc; path = SBJsonStreamWriterAccumulator.m; sourceTree = "<group>"; };
		8C55EA371A0F81FC0050936D /* SBJsonStreamWriterState.h */ = {isa = PBXFileReference; fileEncoding = 4; lastKnownFileType = sourcecode.c.h; path = SBJsonStreamWriterState.h; sourceTree = "<group>"; };
		8C55EA381A0F81FC0050936D /* SBJsonStreamWriterState.m */ = {isa = PBXFileReference; fileEncoding = 4; lastKnownFileType = sourcecode.c.objc; path = SBJsonStreamWriterState.m; sourceTree = "<group>"; };
		8C55EA391A0F81FC0050936D /* SBJsonTokeniser.h */ = {isa = PBXFileReference; fileEncoding = 4; lastKnownFileType = sourcecode.c.h; path = SBJsonTokeniser.h; sourceTree = "<group>"; };
		8C55EA3A1A0F81FC0050936D /* SBJsonTokeniser.m */ = {isa = PBXFileReference; fileEncoding = 4; lastKnownFileType = sourcecode.c.objc; path = SBJsonTokeniser.m; sourceTree = "<group>"; };
		8C55EA3B1A0F81FC0050936D /* SBJsonUTF8Stream.h */ = {isa = PBXFileReference; fileEncoding = 4; lastKnownFileType = sourcecode.c.h; path = SBJsonUTF8Stream.h; sourceTree = "<group>"; };
		8C55EA3C1A0F81FC0050936D /* SBJsonUTF8Stream.m */ = {isa = PBXFileReference; fileEncoding = 4; lastKnownFileType = sourcecode.c.objc; path = SBJsonUTF8Stream.m; sourceTree = "<group>"; };
		8C55EA3D1A0F81FC0050936D /* SBJsonWriter.h */ = {isa = PBXFileReference; fileEncoding = 4; lastKnownFileType = sourcecode.c.h; path = SBJsonWriter.h; sourceTree = "<group>"; };
		8C55EA3E1A0F81FC0050936D /* SBJsonWriter.m */ = {isa = PBXFileReference; fileEncoding = 4; lastKnownFileType = sourcecode.c.objc; path = SBJsonWriter.m; sourceTree = "<group>"; };
/* End PBXFileReference section */

/* Begin PBXFrameworksBuildPhase section */
		8C55E9DF1A0F7CD50050936D /* Frameworks */ = {
			isa = PBXFrameworksBuildPhase;
			buildActionMask = 2147483647;
			files = (
				8C55EA241A0F7FEF0050936D /* libiconv.dylib in Frameworks */,
			);
			runOnlyForDeploymentPostprocessing = 0;
		};
		8C55E9F81A0F7CD60050936D /* Frameworks */ = {
			isa = PBXFrameworksBuildPhase;
			buildActionMask = 2147483647;
			files = (
			);
			runOnlyForDeploymentPostprocessing = 0;
		};
/* End PBXFrameworksBuildPhase section */

/* Begin PBXGroup section */
		8C55E9D91A0F7CD50050936D = {
			isa = PBXGroup;
			children = (
				8C55EA231A0F7FEF0050936D /* libiconv.dylib */,
				8C55E9E41A0F7CD50050936D /* testJson */,
				8C55E9FE1A0F7CD60050936D /* testJsonTests */,
				8C55E9E31A0F7CD50050936D /* Products */,
			);
			sourceTree = "<group>";
		};
		8C55E9E31A0F7CD50050936D /* Products */ = {
			isa = PBXGroup;
			children = (
				8C55E9E21A0F7CD50050936D /* testJson.app */,
				8C55E9FB1A0F7CD60050936D /* testJsonTests.xctest */,
			);
			name = Products;
			sourceTree = "<group>";
		};
		8C55E9E41A0F7CD50050936D /* testJson */ = {
			isa = PBXGroup;
			children = (
				8C55EA251A0F81FC0050936D /* json */,
				8C55E9E91A0F7CD50050936D /* AppDelegate.h */,
				8C55E9EA1A0F7CD50050936D /* AppDelegate.m */,
				8C55E9EC1A0F7CD50050936D /* ViewController.h */,
				8C55E9ED1A0F7CD50050936D /* ViewController.m */,
				8C55E9EF1A0F7CD50050936D /* Main.storyboard */,
				8C55E9F21A0F7CD50050936D /* Images.xcassets */,
				8C55E9F41A0F7CD50050936D /* LaunchScreen.xib */,
				8C55E9E51A0F7CD50050936D /* Supporting Files */,
			);
			path = testJson;
			sourceTree = "<group>";
		};
		8C55E9E51A0F7CD50050936D /* Supporting Files */ = {
			isa = PBXGroup;
			children = (
				8C55E9E61A0F7CD50050936D /* Info.plist */,
				8C55E9E71A0F7CD50050936D /* main.m */,
			);
			name = "Supporting Files";
			sourceTree = "<group>";
		};
		8C55E9FE1A0F7CD60050936D /* testJsonTests */ = {
			isa = PBXGroup;
			children = (
				8C55EA011A0F7CD60050936D /* testJsonTests.m */,
				8C55E9FF1A0F7CD60050936D /* Supporting Files */,
			);
			path = testJsonTests;
			sourceTree = "<group>";
		};
		8C55E9FF1A0F7CD60050936D /* Supporting Files */ = {
			isa = PBXGroup;
			children = (
				8C55EA001A0F7CD60050936D /* Info.plist */,
			);
			name = "Supporting Files";
			sourceTree = "<group>";
		};
		8C55EA251A0F81FC0050936D /* json */ = {
			isa = PBXGroup;
			children = (
				8C55EA261A0F81FC0050936D /* NSObject+SBJson.h */,
				8C55EA271A0F81FC0050936D /* NSObject+SBJson.m */,
				8C55EA281A0F81FC0050936D /* SBJson.h */,
				8C55EA291A0F81FC0050936D /* SBJsonParser.h */,
				8C55EA2A1A0F81FC0050936D /* SBJsonParser.m */,
				8C55EA2B1A0F81FC0050936D /* SBJsonStreamParser.h */,
				8C55EA2C1A0F81FC0050936D /* SBJsonStreamParser.m */,
				8C55EA2D1A0F81FC0050936D /* SBJsonStreamParserAccumulator.h */,
				8C55EA2E1A0F81FC0050936D /* SBJsonStreamParserAccumulator.m */,
				8C55EA2F1A0F81FC0050936D /* SBJsonStreamParserAdapter.h */,
				8C55EA301A0F81FC0050936D /* SBJsonStreamParserAdapter.m */,
				8C55EA311A0F81FC0050936D /* SBJsonStreamParserState.h */,
				8C55EA321A0F81FC0050936D /* SBJsonStreamParserState.m */,
				8C55EA331A0F81FC0050936D /* SBJsonStreamWriter.h */,
				8C55EA341A0F81FC0050936D /* SBJsonStreamWriter.m */,
				8C55EA351A0F81FC0050936D /* SBJsonStreamWriterAccumulator.h */,
				8C55EA361A0F81FC0050936D /* SBJsonStreamWriterAccumulator.m */,
				8C55EA371A0F81FC0050936D /* SBJsonStreamWriterState.h */,
				8C55EA381A0F81FC0050936D /* SBJsonStreamWriterState.m */,
				8C55EA391A0F81FC0050936D /* SBJsonTokeniser.h */,
				8C55EA3A1A0F81FC0050936D /* SBJsonTokeniser.m */,
				8C55EA3B1A0F81FC0050936D /* SBJsonUTF8Stream.h */,
				8C55EA3C1A0F81FC0050936D /* SBJsonUTF8Stream.m */,
				8C55EA3D1A0F81FC0050936D /* SBJsonWriter.h */,
				8C55EA3E1A0F81FC0050936D /* SBJsonWriter.m */,
			);
			path = json;
			sourceTree = "<group>";
		};
/* End PBXGroup section */

/* Begin PBXNativeTarget section */
		8C55E9E11A0F7CD50050936D /* testJson */ = {
			isa = PBXNativeTarget;
			buildConfigurationList = 8C55EA051A0F7CD60050936D /* Build configuration list for PBXNativeTarget "testJson" */;
			buildPhases = (
				8C55E9DE1A0F7CD50050936D /* Sources */,
				8C55E9DF1A0F7CD50050936D /* Frameworks */,
				8C55E9E01A0F7CD50050936D /* Resources */,
			);
			buildRules = (
			);
			dependencies = (
			);
			name = testJson;
			productName = testJson;
			productReference = 8C55E9E21A0F7CD50050936D /* testJson.app */;
			productType = "com.apple.product-type.application";
		};
		8C55E9FA1A0F7CD60050936D /* testJsonTests */ = {
			isa = PBXNativeTarget;
			buildConfigurationList = 8C55EA081A0F7CD60050936D /* Build configuration list for PBXNativeTarget "testJsonTests" */;
			buildPhases = (
				8C55E9F71A0F7CD60050936D /* Sources */,
				8C55E9F81A0F7CD60050936D /* Frameworks */,
				8C55E9F91A0F7CD60050936D /* Resources */,
			);
			buildRules = (
			);
			dependencies = (
				8C55E9FD1A0F7CD60050936D /* PBXTargetDependency */,
			);
			name = testJsonTests;
			productName = testJsonTests;
			productReference = 8C55E9FB1A0F7CD60050936D /* testJsonTests.xctest */;
			productType = "com.apple.product-type.bundle.unit-test";
		};
/* End PBXNativeTarget section */

/* Begin PBXProject section */
		8C55E9DA1A0F7CD50050936D /* Project object */ = {
			isa = PBXProject;
			attributes = {
				LastUpgradeCheck = 0600;
				ORGANIZATIONNAME = DNI;
				TargetAttributes = {
					8C55E9E11A0F7CD50050936D = {
						CreatedOnToolsVersion = 6.0.1;
					};
					8C55E9FA1A0F7CD60050936D = {
						CreatedOnToolsVersion = 6.0.1;
						TestTargetID = 8C55E9E11A0F7CD50050936D;
					};
				};
			};
			buildConfigurationList = 8C55E9DD1A0F7CD50050936D /* Build configuration list for PBXProject "testJson" */;
			compatibilityVersion = "Xcode 3.2";
			developmentRegion = English;
			hasScannedForEncodings = 0;
			knownRegions = (
				en,
				Base,
			);
			mainGroup = 8C55E9D91A0F7CD50050936D;
			productRefGroup = 8C55E9E31A0F7CD50050936D /* Products */;
			projectDirPath = "";
			projectRoot = "";
			targets = (
				8C55E9E11A0F7CD50050936D /* testJson */,
				8C55E9FA1A0F7CD60050936D /* testJsonTests */,
			);
		};
/* End PBXProject section */

/* Begin PBXResourcesBuildPhase section */
		8C55E9E01A0F7CD50050936D /* Resources */ = {
			isa = PBXResourcesBuildPhase;
			buildActionMask = 2147483647;
			files = (
				8C55E9F11A0F7CD50050936D /* Main.storyboard in Resources */,
				8C55E9F61A0F7CD50050936D /* LaunchScreen.xib in Resources */,
				8C55E9F31A0F7CD50050936D /* Images.xcassets in Resources */,
			);
			runOnlyForDeploymentPostprocessing = 0;
		};
		8C55E9F91A0F7CD60050936D /* Resources */ = {
			isa = PBXResourcesBuildPhase;
			buildActionMask = 2147483647;
			files = (
			);
			runOnlyForDeploymentPostprocessing = 0;
		};
/* End PBXResourcesBuildPhase section */

/* Begin PBXSourcesBuildPhase section */
		8C55E9DE1A0F7CD50050936D /* Sources */ = {
			isa = PBXSourcesBuildPhase;
			buildActionMask = 2147483647;
			files = (
				8C55E9EE1A0F7CD50050936D /* ViewController.m in Sources */,
				8C55EA4A1A0F81FC0050936D /* SBJsonWriter.m in Sources */,
				8C55E9EB1A0F7CD50050936D /* AppDelegate.m in Sources */,
				8C55EA481A0F81FC0050936D /* SBJsonTokeniser.m in Sources */,
				8C55EA3F1A0F81FC0050936D /* NSObject+SBJson.m in Sources */,
				8C55EA451A0F81FC0050936D /* SBJsonStreamWriter.m in Sources */,
				8C55EA411A0F81FC0050936D /* SBJsonStreamParser.m in Sources */,
				8C55EA401A0F81FC0050936D /* SBJsonParser.m in Sources */,
				8C55EA421A0F81FC0050936D /* SBJsonStreamParserAccumulator.m in Sources */,
				8C55EA441A0F81FC0050936D /* SBJsonStreamParserState.m in Sources */,
				8C55EA461A0F81FC0050936D /* SBJsonStreamWriterAccumulator.m in Sources */,
				8C55EA471A0F81FC0050936D /* SBJsonStreamWriterState.m in Sources */,
				8C55EA491A0F81FC0050936D /* SBJsonUTF8Stream.m in Sources */,
				8C55E9E81A0F7CD50050936D /* main.m in Sources */,
				8C55EA431A0F81FC0050936D /* SBJsonStreamParserAdapter.m in Sources */,
			);
			runOnlyForDeploymentPostprocessing = 0;
		};
		8C55E9F71A0F7CD60050936D /* Sources */ = {
			isa = PBXSourcesBuildPhase;
			buildActionMask = 2147483647;
			files = (
				8C55EA021A0F7CD60050936D /* testJsonTests.m in Sources */,
			);
			runOnlyForDeploymentPostprocessing = 0;
		};
/* End PBXSourcesBuildPhase section */

/* Begin PBXTargetDependency section */
		8C55E9FD1A0F7CD60050936D /* PBXTargetDependency */ = {
			isa = PBXTargetDependency;
			target = 8C55E9E11A0F7CD50050936D /* testJson */;
			targetProxy = 8C55E9FC1A0F7CD60050936D /* PBXContainerItemProxy */;
		};
/* End PBXTargetDependency section */

/* Begin PBXVariantGroup section */
		8C55E9EF1A0F7CD50050936D /* Main.storyboard */ = {
			isa = PBXVariantGroup;
			children = (
				8C55E9F01A0F7CD50050936D /* Base */,
			);
			name = Main.storyboard;
			sourceTree = "<group>";
		};
		8C55E9F41A0F7CD50050936D /* LaunchScreen.xib */ = {
			isa = PBXVariantGroup;
			children = (
				8C55E9F51A0F7CD50050936D /* Base */,
			);
			name = LaunchScreen.xib;
			sourceTree = "<group>";
		};
/* End PBXVariantGroup section */

/* Begin XCBuildConfiguration section */
		8C55EA031A0F7CD60050936D /* Debug */ = {
			isa = XCBuildConfiguration;
			buildSettings = {
				ALWAYS_SEARCH_USER_PATHS = NO;
				CLANG_CXX_LANGUAGE_STANDARD = "gnu++0x";
				CLANG_CXX_LIBRARY = "libc++";
				CLANG_ENABLE_MODULES = YES;
				CLANG_ENABLE_OBJC_ARC = YES;
				CLANG_WARN_BOOL_CONVERSION = YES;
				CLANG_WARN_CONSTANT_CONVERSION = YES;
				CLANG_WARN_DIRECT_OBJC_ISA_USAGE = YES_ERROR;
				CLANG_WARN_EMPTY_BODY = YES;
				CLANG_WARN_ENUM_CONVERSION = YES;
				CLANG_WARN_INT_CONVERSION = YES;
				CLANG_WARN_OBJC_ROOT_CLASS = YES_ERROR;
				CLANG_WARN_UNREACHABLE_CODE = YES;
				CLANG_WARN__DUPLICATE_METHOD_MATCH = YES;
				"CODE_SIGN_IDENTITY[sdk=iphoneos*]" = "iPhone Developer";
				COPY_PHASE_STRIP = NO;
				ENABLE_STRICT_OBJC_MSGSEND = YES;
				GCC_C_LANGUAGE_STANDARD = gnu99;
				GCC_DYNAMIC_NO_PIC = NO;
				GCC_OPTIMIZATION_LEVEL = 0;
				GCC_PREPROCESSOR_DEFINITIONS = (
					"DEBUG=1",
					"$(inherited)",
				);
				GCC_SYMBOLS_PRIVATE_EXTERN = NO;
				GCC_WARN_64_TO_32_BIT_CONVERSION = YES;
				GCC_WARN_ABOUT_RETURN_TYPE = YES_ERROR;
				GCC_WARN_UNDECLARED_SELECTOR = YES;
				GCC_WARN_UNINITIALIZED_AUTOS = YES_AGGRESSIVE;
				GCC_WARN_UNUSED_FUNCTION = YES;
				GCC_WARN_UNUSED_VARIABLE = YES;
				IPHONEOS_DEPLOYMENT_TARGET = 8.0;
				MTL_ENABLE_DEBUG_INFO = YES;
				ONLY_ACTIVE_ARCH = YES;
				SDKROOT = iphoneos;
				TARGETED_DEVICE_FAMILY = "1,2";
			};
			name = Debug;
		};
		8C55EA041A0F7CD60050936D /* Release */ = {
			isa = XCBuildConfiguration;
			buildSettings = {
				ALWAYS_SEARCH_USER_PATHS = NO;
				CLANG_CXX_LANGUAGE_STANDARD = "gnu++0x";
				CLANG_CXX_LIBRARY = "libc++";
				CLANG_ENABLE_MODULES = YES;
				CLANG_ENABLE_OBJC_ARC = YES;
				CLANG_WARN_BOOL_CONVERSION = YES;
				CLANG_WARN_CONSTANT_CONVERSION = YES;
				CLANG_WARN_DIRECT_OBJC_ISA_USAGE = YES_ERROR;
				CLANG_WARN_EMPTY_BODY = YES;
				CLANG_WARN_ENUM_CONVERSION = YES;
				CLANG_WARN_INT_CONVERSION = YES;
				CLANG_WARN_OBJC_ROOT_CLASS = YES_ERROR;
				CLANG_WARN_UNREACHABLE_CODE = YES;
				CLANG_WARN__DUPLICATE_METHOD_MATCH = YES;
				"CODE_SIGN_IDENTITY[sdk=iphoneos*]" = "iPhone Developer";
				COPY_PHASE_STRIP = YES;
				ENABLE_NS_ASSERTIONS = NO;
				ENABLE_STRICT_OBJC_MSGSEND = YES;
				GCC_C_LANGUAGE_STANDARD = gnu99;
				GCC_WARN_64_TO_32_BIT_CONVERSION = YES;
				GCC_WARN_ABOUT_RETURN_TYPE = YES_ERROR;
				GCC_WARN_UNDECLARED_SELECTOR = YES;
				GCC_WARN_UNINITIALIZED_AUTOS = YES_AGGRESSIVE;
				GCC_WARN_UNUSED_FUNCTION = YES;
				GCC_WARN_UNUSED_VARIABLE = YES;
				IPHONEOS_DEPLOYMENT_TARGET = 8.0;
				MTL_ENABLE_DEBUG_INFO = NO;
				SDKROOT = iphoneos;
				TARGETED_DEVICE_FAMILY = "1,2";
				VALIDATE_PRODUCT = YES;
			};
			name = Release;
		};
		8C55EA061A0F7CD60050936D /* Debug */ = {
			isa = XCBuildConfiguration;
			buildSettings = {
				ASSETCATALOG_COMPILER_APPICON_NAME = AppIcon;
				INFOPLIST_FILE = testJson/Info.plist;
				LD_RUNPATH_SEARCH_PATHS = "$(inherited) @executable_path/Frameworks";
				PRODUCT_NAME = "$(TARGET_NAME)";
			};
			name = Debug;
		};
		8C55EA071A0F7CD60050936D /* Release */ = {
			isa = XCBuildConfiguration;
			buildSettings = {
				ASSETCATALOG_COMPILER_APPICON_NAME = AppIcon;
				INFOPLIST_FILE = testJson/Info.plist;
				LD_RUNPATH_SEARCH_PATHS = "$(inherited) @executable_path/Frameworks";
				PRODUCT_NAME = "$(TARGET_NAME)";
			};
			name = Release;
		};
		8C55EA091A0F7CD60050936D /* Debug */ = {
			isa = XCBuildConfiguration;
			buildSettings = {
				BUNDLE_LOADER = "$(TEST_HOST)";
				FRAMEWORK_SEARCH_PATHS = (
					"$(SDKROOT)/Developer/Library/Frameworks",
					"$(inherited)",
				);
				GCC_PREPROCESSOR_DEFINITIONS = (
					"DEBUG=1",
					"$(inherited)",
				);
				INFOPLIST_FILE = testJsonTests/Info.plist;
				LD_RUNPATH_SEARCH_PATHS = "$(inherited) @executable_path/Frameworks @loader_path/Frameworks";
				PRODUCT_NAME = "$(TARGET_NAME)";
				TEST_HOST = "$(BUILT_PRODUCTS_DIR)/testJson.app/testJson";
			};
			name = Debug;
		};
		8C55EA0A1A0F7CD60050936D /* Release */ = {
			isa = XCBuildConfiguration;
			buildSettings = {
				BUNDLE_LOADER = "$(TEST_HOST)";
				FRAMEWORK_SEARCH_PATHS = (
					"$(SDKROOT)/Developer/Library/Frameworks",
					"$(inherited)",
				);
				INFOPLIST_FILE = testJsonTests/Info.plist;
				LD_RUNPATH_SEARCH_PATHS = "$(inherited) @executable_path/Frameworks @loader_path/Frameworks";
				PRODUCT_NAME = "$(TARGET_NAME)";
				TEST_HOST = "$(BUILT_PRODUCTS_DIR)/testJson.app/testJson";
			};
			name = Release;
		};
/* End XCBuildConfiguration section */

/* Begin XCConfigurationList section */
		8C55E9DD1A0F7CD50050936D /* Build configuration list for PBXProject "testJson" */ = {
			isa = XCConfigurationList;
			buildConfigurations = (
				8C55EA031A0F7CD60050936D /* Debug */,
				8C55EA041A0F7CD60050936D /* Release */,
			);
			defaultConfigurationIsVisible = 0;
			defaultConfigurationName = Release;
		};
		8C55EA051A0F7CD60050936D /* Build configuration list for PBXNativeTarget "testJson" */ = {
			isa = XCConfigurationList;
			buildConfigurations = (
				8C55EA061A0F7CD60050936D /* Debug */,
				8C55EA071A0F7CD60050936D /* Release */,
			);
			defaultConfigurationIsVisible = 0;
		};
		8C55EA081A0F7CD60050936D /* Build configuration list for PBXNativeTarget "testJsonTests" */ = {
			isa = XCConfigurationList;
			buildConfigurations = (
				8C55EA091A0F7CD60050936D /* Debug */,
				8C55EA0A1A0F7CD60050936D /* Release */,
			);
			defaultConfigurationIsVisible = 0;
		};
/* End XCConfigurationList section */
	};
	rootObject = 8C55E9DA1A0F7CD50050936D /* Project object */;
}
